
Microsoft Visual Studio Solution File, Format Version 12.00
# Visual Studio Version 17
VisualStudioVersion = 17.3.32825.248
MinimumVisualStudioVersion = 10.0.40219.1
Project("{FAE04EC0-301F-11D3-BF4B-00C04F79EFBC}") = "Nwm", "Nwm\Nwm.csproj", "{53F5EDAF-4750-476C-A198-768BD3E0F362}"
EndProject
Global
	GlobalSection(SolutionConfigurationPlatforms) = preSolution
		Debug|Any CPU = Debug|Any CPU
		Release|Any CPU = Release|Any CPU
	EndGlobalSection
	GlobalSection(ProjectConfigurationPlatforms) = postSolution
		{53F5EDAF-4750-476C-A198-768BD3E0F362}.Debug|Any CPU.ActiveCfg = Debug|Any CPU
		{53F5EDAF-4750-476C-A198-768BD3E0F362}.Debug|Any CPU.Build.0 = Debug|Any CPU
		{53F5EDAF-4750-476C-A198-768BD3E0F362}.Release|Any CPU.ActiveCfg = Release|Any CPU
		{53F5EDAF-4750-476C-A198-768BD3E0F362}.Release|Any CPU.Build.0 = Release|Any CPU
	EndGlobalSection
	GlobalSection(SolutionProperties) = preSolution
		HideSolutionNode = FALSE
	EndGlobalSection
	GlobalSection(ExtensibilityGlobals) = postSolution
		SolutionGuid = {7C0C09BA-2200-4A68-A3E1-D07956698634}
	EndGlobalSection
EndGlobal
